
Microsoft Visual Studio Solution File, Format Version 12.00
# Visual Studio Version 16
VisualStudioVersion = 16.0.808.8
MinimumVisualStudioVersion = 10.0.40219.1
Project("{9A19103F-16F7-4668-BE54-9A1E7A4F7556}") = "DataAccess", "DataAccess\DataAccess.csproj", "{186AC25D-5137-4241-AC6D-79E18A924299}"
EndProject
Project("{9A19103F-16F7-4668-BE54-9A1E7A4F7556}") = "Entities", "Entities\Entities.csproj", "{49552280-A9A2-458C-B2C3-027390A766EC}"
EndProject
Project("{9A19103F-16F7-4668-BE54-9A1E7A4F7556}") = "Business", "Business\Business.csproj", "{88430C73-8460-4D54-BD3F-185FEB9506A7}"
EndProject
Project("{9A19103F-16F7-4668-BE54-9A1E7A4F7556}") = "ConsoleUI", "ConsoleUI\ConsoleUI.csproj", "{9C836E6A-6376-43A8-99D2-22DBF1DF78D3}"
EndProject
Project("{9A19103F-16F7-4668-BE54-9A1E7A4F7556}") = "Core", "Core\Core.csproj", "{15CD3F39-3BEE-4C9E-9A51-49FBC673D013}"
EndProject
Project("{FAE04EC0-301F-11D3-BF4B-00C04F79EFBC}") = "WebAPI", "WebAPI\WebAPI.csproj", "{6EE7F704-71AD-4E51-825D-8AF848C1132B}"
EndProject
Global
	GlobalSection(SolutionConfigurationPlatforms) = preSolution
		Debug|Any CPU = Debug|Any CPU
		Release|Any CPU = Release|Any CPU
	EndGlobalSection
	GlobalSection(ProjectConfigurationPlatforms) = postSolution
		{186AC25D-5137-4241-AC6D-79E18A924299}.Debug|Any CPU.ActiveCfg = Debug|Any CPU
		{186AC25D-5137-4241-AC6D-79E18A924299}.Debug|Any CPU.Build.0 = Debug|Any CPU
		{186AC25D-5137-4241-AC6D-79E18A924299}.Release|Any CPU.ActiveCfg = Release|Any CPU
		{186AC25D-5137-4241-AC6D-79E18A924299}.Release|Any CPU.Build.0 = Release|Any CPU
		{49552280-A9A2-458C-B2C3-027390A766EC}.Debug|Any CPU.ActiveCfg = Debug|Any CPU
		{49552280-A9A2-458C-B2C3-027390A766EC}.Debug|Any CPU.Build.0 = Debug|Any CPU
		{49552280-A9A2-458C-B2C3-027390A766EC}.Release|Any CPU.ActiveCfg = Release|Any CPU
		{49552280-A9A2-458C-B2C3-027390A766EC}.Release|Any CPU.Build.0 = Release|Any CPU
		{88430C73-8460-4D54-BD3F-185FEB9506A7}.Debug|Any CPU.ActiveCfg = Debug|Any CPU
		{88430C73-8460-4D54-BD3F-185FEB9506A7}.Debug|Any CPU.Build.0 = Debug|Any CPU
		{88430C73-8460-4D54-BD3F-185FEB9506A7}.Release|Any CPU.ActiveCfg = Release|Any CPU
		{88430C73-8460-4D54-BD3F-185FEB9506A7}.Release|Any CPU.Build.0 = Release|Any CPU
		{9C836E6A-6376-43A8-99D2-22DBF1DF78D3}.Debug|Any CPU.ActiveCfg = Debug|Any CPU
		{9C836E6A-6376-43A8-99D2-22DBF1DF78D3}.Debug|Any CPU.Build.0 = Debug|Any CPU
		{9C836E6A-6376-43A8-99D2-22DBF1DF78D3}.Release|Any CPU.ActiveCfg = Release|Any CPU
		{9C836E6A-6376-43A8-99D2-22DBF1DF78D3}.Release|Any CPU.Build.0 = Release|Any CPU
		{15CD3F39-3BEE-4C9E-9A51-49FBC673D013}.Debug|Any CPU.ActiveCfg = Debug|Any CPU
		{15CD3F39-3BEE-4C9E-9A51-49FBC673D013}.Debug|Any CPU.Build.0 = Debug|Any CPU
		{15CD3F39-3BEE-4C9E-9A51-49FBC673D013}.Release|Any CPU.ActiveCfg = Release|Any CPU
		{15CD3F39-3BEE-4C9E-9A51-49FBC673D013}.Release|Any CPU.Build.0 = Release|Any CPU
		{6EE7F704-71AD-4E51-825D-8AF848C1132B}.Debug|Any CPU.ActiveCfg = Debug|Any CPU
		{6EE7F704-71AD-4E51-825D-8AF848C1132B}.Debug|Any CPU.Build.0 = Debug|Any CPU
		{6EE7F704-71AD-4E51-825D-8AF848C1132B}.Release|Any CPU.ActiveCfg = Release|Any CPU
		{6EE7F704-71AD-4E51-825D-8AF848C1132B}.Release|Any CPU.Build.0 = Release|Any CPU
	EndGlobalSection
	GlobalSection(SolutionProperties) = preSolution
		HideSolutionNode = FALSE
	EndGlobalSection
	GlobalSection(ExtensibilityGlobals) = postSolution
		SolutionGuid = {F7433FEF-EB49-47DC-94F7-639501F3CB8F}
	EndGlobalSection
EndGlobal
